
Microsoft Visual Studio Solution File, Format Version 12.00
# Visual Studio 15
VisualStudioVersion = 15.0.28010.2046
MinimumVisualStudioVersion = 10.0.40219.1
Project("{FAE04EC0-301F-11D3-BF4B-00C04F79EFBC}") = "WebApplication1", "WebApplication1\WebApplication1.csproj", "{F2002B70-ED77-43DF-856A-127681BC844D}"
EndProject
Global
	GlobalSection(SolutionConfigurationPlatforms) = preSolution
		Debug|Any CPU = Debug|Any CPU
		Release|Any CPU = Release|Any CPU
	EndGlobalSection
	GlobalSection(ProjectConfigurationPlatforms) = postSolution
		{F2002B70-ED77-43DF-856A-127681BC844D}.Debug|Any CPU.ActiveCfg = Debug|Any CPU
		{F2002B70-ED77-43DF-856A-127681BC844D}.Debug|Any CPU.Build.0 = Debug|Any CPU
		{F2002B70-ED77-43DF-856A-127681BC844D}.Release|Any CPU.ActiveCfg = Release|Any CPU
		{F2002B70-ED77-43DF-856A-127681BC844D}.Release|Any CPU.Build.0 = Release|Any CPU
	EndGlobalSection
	GlobalSection(SolutionProperties) = preSolution
		HideSolutionNode = FALSE
	EndGlobalSection
	GlobalSection(ExtensibilityGlobals) = postSolution
		SolutionGuid = {81F65A7D-30DE-4A29-9BF7-E2B6F1ED673E}
	EndGlobalSection
EndGlobal
